{
  "dependencies": {
    "lodash.merge": {
      "version": "4.3.2",
      "resolved": "https://registry.npmjs.org/lodash.merge/-/lodash.merge-4.3.2.tgz",
      "from": "https://registry.npmjs.org/lodash.merge/-/lodash.merge-4.3.2.tgz",
      "dependencies": {
        "lodash._baseclone": {
          "version": "4.5.3",
          "resolved": "https://registry.npmjs.org/lodash._baseclone/-/lodash._baseclone-4.5.3.tgz",
          "from": "https://registry.npmjs.org/lodash._baseclone/-/lodash._baseclone-4.5.3.tgz"
        },
        "lodash._stack": {
          "version": "4.1.1",
          "resolved": "https://registry.npmjs.org/lodash._stack/-/lodash._stack-4.1.1.tgz",
          "from": "https://registry.npmjs.org/lodash._stack/-/lodash._stack-4.1.1.tgz"
        },
        "lodash.isplainobject": {
          "version": "4.0.3",
          "resolved": "https://registry.npmjs.org/lodash.isplainobject/-/lodash.isplainobject-4.0.3.tgz",
          "from": "https://registry.npmjs.org/lodash.isplainobject/-/lodash.isplainobject-4.0.3.tgz"
        },
        "lodash.keysin": {
          "version": "4.1.3",
          "resolved": "https://registry.npmjs.org/lodash.keysin/-/lodash.keysin-4.1.3.tgz",
          "from": "https://registry.npmjs.org/lodash.keysin/-/lodash.keysin-4.1.3.tgz"
        },
        "lodash.rest": {
          "version": "4.0.1",
          "resolved": "https://registry.npmjs.org/lodash.rest/-/lodash.rest-4.0.1.tgz",
          "from": "https://registry.npmjs.org/lodash.rest/-/lodash.rest-4.0.1.tgz"
        }
      }
    },
    "lodash.uniqwith": {
      "version": "4.2.0",
      "resolved": "https://registry.npmjs.org/lodash.uniqwith/-/lodash.uniqwith-4.2.0.tgz",
      "from": "https://registry.npmjs.org/lodash.uniqwith/-/lodash.uniqwith-4.2.0.tgz",
      "dependencies": {
        "lodash._baseuniq": {
          "version": "4.5.0",
          "resolved": "https://registry.npmjs.org/lodash._baseuniq/-/lodash._baseuniq-4.5.0.tgz",
          "from": "https://registry.npmjs.org/lodash._baseuniq/-/lodash._baseuniq-4.5.0.tgz",
          "dependencies": {
            "lodash._createset": {
              "version": "4.0.1",
              "resolved": "https://registry.npmjs.org/lodash._createset/-/lodash._createset-4.0.1.tgz",
              "from": "https://registry.npmjs.org/lodash._createset/-/lodash._createset-4.0.1.tgz"
            },
            "lodash._setcache": {
              "version": "4.1.1",
              "resolved": "https://registry.npmjs.org/lodash._setcache/-/lodash._setcache-4.1.1.tgz",
              "from": "https://registry.npmjs.org/lodash._setcache/-/lodash._setcache-4.1.1.tgz"
            }
          }
        }
      }
    },
    "node-geocoder": {
      "version": "3.9.1",
      "resolved": "https://registry.npmjs.org/node-geocoder/-/node-geocoder-3.9.1.tgz",
      "from": "https://registry.npmjs.org/node-geocoder/-/node-geocoder-3.9.1.tgz",
      "dependencies": {
        "q": {
          "version": "1.4.1",
          "resolved": "https://registry.npmjs.org/q/-/q-1.4.1.tgz",
          "from": "https://registry.npmjs.org/q/-/q-1.4.1.tgz"
        }
      }
    }
  }
}
